
Microsoft Visual Studio Solution File, Format Version 12.00
# Visual Studio 14
VisualStudioVersion = 14.0.24720.0
MinimumVisualStudioVersion = 10.0.40219.1
Project("{FAE04EC0-301F-11D3-BF4B-00C04F79EFBC}") = "PaymentKiosk", "PaymentKiosk\PaymentKiosk.csproj", "{041188F4-01F9-4112-8AB3-D9AB0849010E}"
EndProject
Project("{FAE04EC0-301F-11D3-BF4B-00C04F79EFBC}") = "PaymentKiosk.core", "PaymentKiosk.core\PaymentKiosk.core.csproj", "{DE303523-8721-494B-AE8C-9351EDE5F8E3}"
EndProject
Global
	GlobalSection(SolutionConfigurationPlatforms) = preSolution
		Debug|Any CPU = Debug|Any CPU
		Release|Any CPU = Release|Any CPU
	EndGlobalSection
	GlobalSection(ProjectConfigurationPlatforms) = postSolution
		{041188F4-01F9-4112-8AB3-D9AB0849010E}.Debug|Any CPU.ActiveCfg = Debug|Any CPU
		{041188F4-01F9-4112-8AB3-D9AB0849010E}.Debug|Any CPU.Build.0 = Debug|Any CPU
		{041188F4-01F9-4112-8AB3-D9AB0849010E}.Release|Any CPU.ActiveCfg = Release|Any CPU
		{041188F4-01F9-4112-8AB3-D9AB0849010E}.Release|Any CPU.Build.0 = Release|Any CPU
		{DE303523-8721-494B-AE8C-9351EDE5F8E3}.Debug|Any CPU.ActiveCfg = Debug|Any CPU
		{DE303523-8721-494B-AE8C-9351EDE5F8E3}.Debug|Any CPU.Build.0 = Debug|Any CPU
		{DE303523-8721-494B-AE8C-9351EDE5F8E3}.Release|Any CPU.ActiveCfg = Release|Any CPU
		{DE303523-8721-494B-AE8C-9351EDE5F8E3}.Release|Any CPU.Build.0 = Release|Any CPU
	EndGlobalSection
	GlobalSection(SolutionProperties) = preSolution
		HideSolutionNode = FALSE
	EndGlobalSection
EndGlobal
